
Microsoft Visual Studio Solution File, Format Version 12.00
# Visual Studio Version 16
VisualStudioVersion = 16.0.30717.126
MinimumVisualStudioVersion = 10.0.40219.1
Project("{9A19103F-16F7-4668-BE54-9A1E7A4F7556}") = "demo1", "demo1\demo1.csproj", "{F10EE8A1-CE39-4DB4-BAFB-D07DB6A95FEF}"
EndProject
Global
	GlobalSection(SolutionConfigurationPlatforms) = preSolution
		Debug|Any CPU = Debug|Any CPU
		Release|Any CPU = Release|Any CPU
	EndGlobalSection
	GlobalSection(ProjectConfigurationPlatforms) = postSolution
		{F10EE8A1-CE39-4DB4-BAFB-D07DB6A95FEF}.Debug|Any CPU.ActiveCfg = Debug|Any CPU
		{F10EE8A1-CE39-4DB4-BAFB-D07DB6A95FEF}.Debug|Any CPU.Build.0 = Debug|Any CPU
		{F10EE8A1-CE39-4DB4-BAFB-D07DB6A95FEF}.Release|Any CPU.ActiveCfg = Release|Any CPU
		{F10EE8A1-CE39-4DB4-BAFB-D07DB6A95FEF}.Release|Any CPU.Build.0 = Release|Any CPU
	EndGlobalSection
	GlobalSection(SolutionProperties) = preSolution
		HideSolutionNode = FALSE
	EndGlobalSection
	GlobalSection(ExtensibilityGlobals) = postSolution
		SolutionGuid = {316286C5-95BF-4F8D-B6A9-A19C1AA30EF7}
	EndGlobalSection
EndGlobal
