
Microsoft Visual Studio Solution File, Format Version 12.00
# Visual Studio Version 16
VisualStudioVersion = 16.0.30717.126
MinimumVisualStudioVersion = 10.0.40219.1
Project("{FAE04EC0-301F-11D3-BF4B-00C04F79EFBC}") = "AudioStreaming.API", "AudioStreaming.API\AudioStreaming.API.csproj", "{15CDDA70-D43C-4F87-89B2-E9C8888A505F}"
EndProject
Project("{FAE04EC0-301F-11D3-BF4B-00C04F79EFBC}") = "AudioStreaming.Models", "AudioStreaming.Models\AudioStreaming.Models.csproj", "{2D132246-4F1C-4284-8C23-6524B1C1280F}"
EndProject
Global
	GlobalSection(SolutionConfigurationPlatforms) = preSolution
		Debug|Any CPU = Debug|Any CPU
		Release|Any CPU = Release|Any CPU
	EndGlobalSection
	GlobalSection(ProjectConfigurationPlatforms) = postSolution
		{15CDDA70-D43C-4F87-89B2-E9C8888A505F}.Debug|Any CPU.ActiveCfg = Debug|Any CPU
		{15CDDA70-D43C-4F87-89B2-E9C8888A505F}.Debug|Any CPU.Build.0 = Debug|Any CPU
		{15CDDA70-D43C-4F87-89B2-E9C8888A505F}.Release|Any CPU.ActiveCfg = Release|Any CPU
		{15CDDA70-D43C-4F87-89B2-E9C8888A505F}.Release|Any CPU.Build.0 = Release|Any CPU
		{2D132246-4F1C-4284-8C23-6524B1C1280F}.Debug|Any CPU.ActiveCfg = Debug|Any CPU
		{2D132246-4F1C-4284-8C23-6524B1C1280F}.Debug|Any CPU.Build.0 = Debug|Any CPU
		{2D132246-4F1C-4284-8C23-6524B1C1280F}.Release|Any CPU.ActiveCfg = Release|Any CPU
		{2D132246-4F1C-4284-8C23-6524B1C1280F}.Release|Any CPU.Build.0 = Release|Any CPU
	EndGlobalSection
	GlobalSection(SolutionProperties) = preSolution
		HideSolutionNode = FALSE
	EndGlobalSection
	GlobalSection(ExtensibilityGlobals) = postSolution
		SolutionGuid = {05CFE924-BB90-4A24-B1A9-3C4154CD2252}
	EndGlobalSection
EndGlobal
